Microsoft Visual Studio Solution File, Format Version 12.00
# Visual Studio Version 17
VisualStudioVersion = 17.5.2.0
MinimumVisualStudioVersion = 10.0.40219.1
Project("{FAE04EC0-301F-11D3-BF4B-00C04F79EFBC}") = "MottuApi", "MottuApi.csproj", "{F6EE117E-F36A-FC38-48C7-77A011B7030A}"
EndProject
Global
	GlobalSection(SolutionConfigurationPlatforms) = preSolution
		Debug|Any CPU = Debug|Any CPU
		Release|Any CPU = Release|Any CPU
	EndGlobalSection
	GlobalSection(ProjectConfigurationPlatforms) = postSolution
		{F6EE117E-F36A-FC38-48C7-77A011B7030A}.Debug|Any CPU.ActiveCfg = Debug|Any CPU
		{F6EE117E-F36A-FC38-48C7-77A011B7030A}.Debug|Any CPU.Build.0 = Debug|Any CPU
		{F6EE117E-F36A-FC38-48C7-77A011B7030A}.Release|Any CPU.ActiveCfg = Release|Any CPU
		{F6EE117E-F36A-FC38-48C7-77A011B7030A}.Release|Any CPU.Build.0 = Release|Any CPU
	EndGlobalSection
	GlobalSection(SolutionProperties) = preSolution
		HideSolutionNode = FALSE
	EndGlobalSection
	GlobalSection(ExtensibilityGlobals) = postSolution
		SolutionGuid = {7A623AD7-A263-44AA-8696-40C719C4A988}
	EndGlobalSection
EndGlobal
